
Microsoft Visual Studio Solution File, Format Version 12.00
# Visual Studio Version 16
VisualStudioVersion = 16.0.32002.261
MinimumVisualStudioVersion = 10.0.40219.1
Project("{FAE04EC0-301F-11D3-BF4B-00C04F79EFBC}") = "UploadPlayVideoFile", "UploadPlayVideoFile\UploadPlayVideoFile.csproj", "{EC2D4E2F-6311-4342-927B-8817E6AE1BFA}"
EndProject
Global
	GlobalSection(SolutionConfigurationPlatforms) = preSolution
		Debug|Any CPU = Debug|Any CPU
		Release|Any CPU = Release|Any CPU
	EndGlobalSection
	GlobalSection(ProjectConfigurationPlatforms) = postSolution
		{EC2D4E2F-6311-4342-927B-8817E6AE1BFA}.Debug|Any CPU.ActiveCfg = Debug|Any CPU
		{EC2D4E2F-6311-4342-927B-8817E6AE1BFA}.Debug|Any CPU.Build.0 = Debug|Any CPU
		{EC2D4E2F-6311-4342-927B-8817E6AE1BFA}.Release|Any CPU.ActiveCfg = Release|Any CPU
		{EC2D4E2F-6311-4342-927B-8817E6AE1BFA}.Release|Any CPU.Build.0 = Release|Any CPU
	EndGlobalSection
	GlobalSection(SolutionProperties) = preSolution
		HideSolutionNode = FALSE
	EndGlobalSection
	GlobalSection(ExtensibilityGlobals) = postSolution
		SolutionGuid = {080746D3-C8D2-4209-88DB-63B08FE7A712}
	EndGlobalSection
EndGlobal
